
Microsoft Visual Studio Solution File, Format Version 12.00
# Visual Studio Version 16
VisualStudioVersion = 16.0.30011.22
MinimumVisualStudioVersion = 10.0.40219.1
Project("{FAE04EC0-301F-11D3-BF4B-00C04F79EFBC}") = "lights", "lights\lights.csproj", "{1E393482-0D7B-412D-9B12-582DA333E1AB}"
EndProject
Project("{FAE04EC0-301F-11D3-BF4B-00C04F79EFBC}") = "lights.api", "lights.api\lights.api.csproj", "{0CAFC5BC-8EF7-40DE-8AA6-CFD4500618A1}"
EndProject
Project("{FAE04EC0-301F-11D3-BF4B-00C04F79EFBC}") = "lights.common", "lights.common\lights.common.csproj", "{58695BAC-BF69-4DEF-8CD8-9EC3F3238DE5}"
EndProject
Project("{FAE04EC0-301F-11D3-BF4B-00C04F79EFBC}") = "lights.common.tests", "lights.common.tests\lights.common.tests.csproj", "{4804DF54-BFDF-46A2-9A3E-19E126B93287}"
EndProject
Global
	GlobalSection(SolutionConfigurationPlatforms) = preSolution
		Debug|Any CPU = Debug|Any CPU
		Release|Any CPU = Release|Any CPU
	EndGlobalSection
	GlobalSection(ProjectConfigurationPlatforms) = postSolution
		{1E393482-0D7B-412D-9B12-582DA333E1AB}.Debug|Any CPU.ActiveCfg = Debug|Any CPU
		{1E393482-0D7B-412D-9B12-582DA333E1AB}.Debug|Any CPU.Build.0 = Debug|Any CPU
		{1E393482-0D7B-412D-9B12-582DA333E1AB}.Release|Any CPU.ActiveCfg = Release|Any CPU
		{1E393482-0D7B-412D-9B12-582DA333E1AB}.Release|Any CPU.Build.0 = Release|Any CPU
		{0CAFC5BC-8EF7-40DE-8AA6-CFD4500618A1}.Debug|Any CPU.ActiveCfg = Debug|Any CPU
		{0CAFC5BC-8EF7-40DE-8AA6-CFD4500618A1}.Debug|Any CPU.Build.0 = Debug|Any CPU
		{0CAFC5BC-8EF7-40DE-8AA6-CFD4500618A1}.Release|Any CPU.ActiveCfg = Release|Any CPU
		{0CAFC5BC-8EF7-40DE-8AA6-CFD4500618A1}.Release|Any CPU.Build.0 = Release|Any CPU
		{58695BAC-BF69-4DEF-8CD8-9EC3F3238DE5}.Debug|Any CPU.ActiveCfg = Debug|Any CPU
		{58695BAC-BF69-4DEF-8CD8-9EC3F3238DE5}.Debug|Any CPU.Build.0 = Debug|Any CPU
		{58695BAC-BF69-4DEF-8CD8-9EC3F3238DE5}.Release|Any CPU.ActiveCfg = Release|Any CPU
		{58695BAC-BF69-4DEF-8CD8-9EC3F3238DE5}.Release|Any CPU.Build.0 = Release|Any CPU
		{4804DF54-BFDF-46A2-9A3E-19E126B93287}.Debug|Any CPU.ActiveCfg = Debug|Any CPU
		{4804DF54-BFDF-46A2-9A3E-19E126B93287}.Debug|Any CPU.Build.0 = Debug|Any CPU
		{4804DF54-BFDF-46A2-9A3E-19E126B93287}.Release|Any CPU.ActiveCfg = Release|Any CPU
		{4804DF54-BFDF-46A2-9A3E-19E126B93287}.Release|Any CPU.Build.0 = Release|Any CPU
	EndGlobalSection
	GlobalSection(SolutionProperties) = preSolution
		HideSolutionNode = FALSE
	EndGlobalSection
	GlobalSection(ExtensibilityGlobals) = postSolution
		SolutionGuid = {B1F3619B-77F0-475E-8104-95291DD9245D}
	EndGlobalSection
EndGlobal
